{
    "version": 3,
    "terraform_version": "0.7.13",
    "serial": 9,
    "lineage": "565351d0-9d1a-492b-94c8-4a7a6364dc60",
    "modules": [
        {
            "path": [
                "root"
            ],
            "outputs": {
                "ami": {
                    "sensitive": false,
                    "type": "string",
                    "value": "ami-13be557e"
                },
                "ip": {
                    "sensitive": false,
                    "type": "string",
                    "value": "34.195.125.77"
                }
            },
            "resources": {
                "aws_eip.ip": {
                    "type": "aws_eip",
                    "depends_on": [
                        "aws_instance.example"
                    ],
                    "primary": {
                        "id": "eipalloc-1e418720",
                        "attributes": {
                            "association_id": "eipassoc-6e25cd50",
                            "domain": "vpc",
                            "id": "eipalloc-1e418720",
                            "instance": "i-0b7e4bcfb977bc139",
                            "network_interface": "eni-780dabbb",
                            "private_ip": "172.31.19.162",
                            "public_ip": "34.195.125.77",
                            "vpc": "true"
                        },
                        "meta": {},
                        "tainted": false
                    },
                    "deposed": [],
                    "provider": ""
                },
                "aws_instance.example": {
                    "type": "aws_instance",
                    "depends_on": [],
                    "primary": {
                        "id": "i-0b7e4bcfb977bc139",
                        "attributes": {
                            "ami": "ami-13be557e",
                            "associate_public_ip_address": "true",
                            "availability_zone": "us-east-1a",
                            "disable_api_termination": "false",
                            "ebs_block_device.#": "0",
                            "ebs_optimized": "false",
                            "ephemeral_block_device.#": "0",
                            "iam_instance_profile": "",
                            "id": "i-0b7e4bcfb977bc139",
                            "instance_state": "running",
                            "instance_type": "t2.micro",
                            "key_name": "",
                            "monitoring": "false",
                            "network_interface_id": "eni-780dabbb",
                            "private_dns": "ip-172-31-19-162.ec2.internal",
                            "private_ip": "172.31.19.162",
                            "public_dns": "ec2-54-173-34-179.compute-1.amazonaws.com",
                            "public_ip": "54.173.34.179",
                            "root_block_device.#": "1",
                            "root_block_device.0.delete_on_termination": "true",
                            "root_block_device.0.iops": "100",
                            "root_block_device.0.volume_size": "8",
                            "root_block_device.0.volume_type": "gp2",
                            "security_groups.#": "0",
                            "source_dest_check": "true",
                            "subnet_id": "subnet-6515913e",
                            "tags.%": "0",
                            "tenancy": "default",
                            "vpc_security_group_ids.#": "1",
                            "vpc_security_group_ids.1034719443": "sg-9fd3a1e2"
                        },
                        "meta": {
                            "schema_version": "1"
                        },
                        "tainted": false
                    },
                    "deposed": [],
                    "provider": ""
                }
            },
            "depends_on": []
        }
    ]
}
